
Microsoft Visual Studio Solution File, Format Version 12.00
# Visual Studio Version 17
VisualStudioVersion = 17.9.34622.214
MinimumVisualStudioVersion = 10.0.40219.1
Project("{9A19103F-16F7-4668-BE54-9A1E7A4F7556}") = "Team34FinalAPI", "Team34FinalAPI\Team34FinalAPI.csproj", "{41B8B8BD-EA0A-404E-B68F-1DBE34F4901A}"
EndProject
Global
	GlobalSection(SolutionConfigurationPlatforms) = preSolution
		Debug|Any CPU = Debug|Any CPU
		Release|Any CPU = Release|Any CPU
	EndGlobalSection
	GlobalSection(ProjectConfigurationPlatforms) = postSolution
		{41B8B8BD-EA0A-404E-B68F-1DBE34F4901A}.Debug|Any CPU.ActiveCfg = Debug|Any CPU
		{41B8B8BD-EA0A-404E-B68F-1DBE34F4901A}.Debug|Any CPU.Build.0 = Debug|Any CPU
		{41B8B8BD-EA0A-404E-B68F-1DBE34F4901A}.Release|Any CPU.ActiveCfg = Release|Any CPU
		{41B8B8BD-EA0A-404E-B68F-1DBE34F4901A}.Release|Any CPU.Build.0 = Release|Any CPU
	EndGlobalSection
	GlobalSection(SolutionProperties) = preSolution
		HideSolutionNode = FALSE
	EndGlobalSection
	GlobalSection(ExtensibilityGlobals) = postSolution
		SolutionGuid = {84D01B0E-FC69-4CF6-9D0A-22FC3746F150}
	EndGlobalSection
EndGlobal
